
Microsoft Visual Studio Solution File, Format Version 12.00
# Visual Studio Version 16
VisualStudioVersion = 16.0.30804.86
MinimumVisualStudioVersion = 10.0.40219.1
Project("{FAE04EC0-301F-11D3-BF4B-00C04F79EFBC}") = "AppRootStack.Android", "AppRootStack\AppRootStack.Android\AppRootStack.Android.csproj", "{85191CF5-4B4A-48F2-8827-C593003F4336}"
EndProject
Project("{FAE04EC0-301F-11D3-BF4B-00C04F79EFBC}") = "AppRootStack", "AppRootStack\AppRootStack\AppRootStack.csproj", "{9ADF1002-2DB4-4C08-8885-E3B3870162E4}"
EndProject
Global
	GlobalSection(SolutionConfigurationPlatforms) = preSolution
		Debug|Any CPU = Debug|Any CPU
		Release|Any CPU = Release|Any CPU
	EndGlobalSection
	GlobalSection(ProjectConfigurationPlatforms) = postSolution
		{85191CF5-4B4A-48F2-8827-C593003F4336}.Debug|Any CPU.ActiveCfg = Debug|Any CPU
		{85191CF5-4B4A-48F2-8827-C593003F4336}.Debug|Any CPU.Build.0 = Debug|Any CPU
		{85191CF5-4B4A-48F2-8827-C593003F4336}.Debug|Any CPU.Deploy.0 = Debug|Any CPU
		{85191CF5-4B4A-48F2-8827-C593003F4336}.Release|Any CPU.ActiveCfg = Release|Any CPU
		{85191CF5-4B4A-48F2-8827-C593003F4336}.Release|Any CPU.Build.0 = Release|Any CPU
		{85191CF5-4B4A-48F2-8827-C593003F4336}.Release|Any CPU.Deploy.0 = Release|Any CPU
		{9ADF1002-2DB4-4C08-8885-E3B3870162E4}.Debug|Any CPU.ActiveCfg = Debug|Any CPU
		{9ADF1002-2DB4-4C08-8885-E3B3870162E4}.Debug|Any CPU.Build.0 = Debug|Any CPU
		{9ADF1002-2DB4-4C08-8885-E3B3870162E4}.Debug|Any CPU.Deploy.0 = Debug|Any CPU
		{9ADF1002-2DB4-4C08-8885-E3B3870162E4}.Release|Any CPU.ActiveCfg = Release|Any CPU
		{9ADF1002-2DB4-4C08-8885-E3B3870162E4}.Release|Any CPU.Build.0 = Release|Any CPU
		{9ADF1002-2DB4-4C08-8885-E3B3870162E4}.Release|Any CPU.Deploy.0 = Release|Any CPU
	EndGlobalSection
	GlobalSection(SolutionProperties) = preSolution
		HideSolutionNode = FALSE
	EndGlobalSection
	GlobalSection(ExtensibilityGlobals) = postSolution
		SolutionGuid = {1C0D77D0-E5D2-47C7-8798-1E68EBD762D7}
	EndGlobalSection
EndGlobal
